// !$*UTF8*$!
{
	archiveVersion = 1;
	classes = {
	};
	objectVersion = 56;
	objects = {

/* Begin PBXBuildFile section */
		001EE8EC2B08EFFB0074C827 /* swuCanteenBookingApp.swift in Sources */ = {isa = PBXBuildFile; fileRef = 001EE8EB2B08EFFB0074C827 /* swuCanteenBookingApp.swift */; };
		001EE8EE2B08EFFB0074C827 /* ContentView.swift in Sources */ = {isa = PBXBuildFile; fileRef = 001EE8ED2B08EFFB0074C827 /* ContentView.swift */; };
		001EE8F02B08EFFD0074C827 /* Assets.xcassets in Resources */ = {isa = PBXBuildFile; fileRef = 001EE8EF2B08EFFD0074C827 /* Assets.xcassets */; };
		001EE8F32B08EFFD0074C827 /* Preview Assets.xcassets in Resources */ = {isa = PBXBuildFile; fileRef = 001EE8F22B08EFFD0074C827 /* Preview Assets.xcassets */; };
		001EE8FD2B08EFFD0074C827 /* swuCanteenBookingTests.swift in Sources */ = {isa = PBXBuildFile; fileRef = 001EE8FC2B08EFFD0074C827 /* swuCanteenBookingTests.swift */; };
		001EE9072B08EFFD0074C827 /* swuCanteenBookingUITests.swift in Sources */ = {isa = PBXBuildFile; fileRef = 001EE9062B08EFFD0074C827 /* swuCanteenBookingUITests.swift */; };
		001EE9092B08EFFD0074C827 /* swuCanteenBookingUITestsLaunchTests.swift in Sources */ = {isa = PBXBuildFile; fileRef = 001EE9082B08EFFD0074C827 /* swuCanteenBookingUITestsLaunchTests.swift */; };
/* End PBXBuildFile section */

/* Begin PBXContainerItemProxy section */
		001EE8F92B08EFFD0074C827 /* PBXContainerItemProxy */ = {
			isa = PBXContainerItemProxy;
			containerPortal = 001EE8E02B08EFFB0074C827 /* Project object */;
			proxyType = 1;
			remoteGlobalIDString = 001EE8E72B08EFFB0074C827;
			remoteInfo = swuCanteenBooking;
		};
		001EE9032B08EFFD0074C827 /* PBXContainerItemProxy */ = {
			isa = PBXContainerItemProxy;
			containerPortal = 001EE8E02B08EFFB0074C827 /* Project object */;
			proxyType = 1;
			remoteGlobalIDString = 001EE8E72B08EFFB0074C827;
			remoteInfo = swuCanteenBooking;
		};
/* End PBXContainerItemProxy section */

/* Begin PBXFileReference section */
		001EE8E82B08EFFB0074C827 /* swuCanteenBooking.app */ = {isa = PBXFileReference; explicitFileType = wrapper.application; includeInIndex = 0; path = swuCanteenBooking.app; sourceTree = BUILT_PRODUCTS_DIR; };
		001EE8EB2B08EFFB0074C827 /* swuCanteenBookingApp.swift */ = {isa = PBXFileReference; lastKnownFileType = sourcecode.swift; path = swuCanteenBookingApp.swift; sourceTree = "<group>"; };
		001EE8ED2B08EFFB0074C827 /* ContentView.swift */ = {isa = PBXFileReference; lastKnownFileType = sourcecode.swift; path = ContentView.swift; sourceTree = "<group>"; };
		001EE8EF2B08EFFD0074C827 /* Assets.xcassets */ = {isa = PBXFileReference; lastKnownFileType = folder.assetcatalog; path = Assets.xcassets; sourceTree = "<group>"; };
		001EE8F22B08EFFD0074C827 /* Preview Assets.xcassets */ = {isa = PBXFileReference; lastKnownFileType = folder.assetcatalog; path = "Preview Assets.xcassets"; sourceTree = "<group>"; };
		001EE8F82B08EFFD0074C827 /* swuCanteenBookingTests.xctest */ = {isa = PBXFileReference; explicitFileType = wrapper.cfbundle; includeInIndex = 0; path = swuCanteenBookingTests.xctest; sourceTree = BUILT_PRODUCTS_DIR; };
		001EE8FC2B08EFFD0074C827 /* swuCanteenBookingTests.swift */ = {isa = PBXFileReference; lastKnownFileType = sourcecode.swift; path = swuCanteenBookingTests.swift; sourceTree = "<group>"; };
		001EE9022B08EFFD0074C827 /* swuCanteenBookingUITests.xctest */ = {isa = PBXFileReference; explicitFileType = wrapper.cfbundle; includeInIndex = 0; path = swuCanteenBookingUITests.xctest; sourceTree = BUILT_PRODUCTS_DIR; };
		001EE9062B08EFFD0074C827 /* swuCanteenBookingUITests.swift */ = {isa = PBXFileReference; lastKnownFileType = sourcecode.swift; path = swuCanteenBookingUITests.swift; sourceTree = "<group>"; };
		001EE9082B08EFFD0074C827 /* swuCanteenBookingUITestsLaunchTests.swift */ = {isa = PBXFileReference; lastKnownFileType = sourcecode.swift; path = swuCanteenBookingUITestsLaunchTests.swift; sourceTree = "<group>"; };
/* End PBXFileReference section */

/* Begin PBXFrameworksBuildPhase section */
		001EE8E52B08EFFB0074C827 /* Frameworks */ = {
			isa = PBXFrameworksBuildPhase;
			buildActionMask = 2147483647;
			files = (
			);
			runOnlyForDeploymentPostprocessing = 0;
		};
		001EE8F52B08EFFD0074C827 /* Frameworks */ = {
			isa = PBXFrameworksBuildPhase;
			buildActionMask = 2147483647;
			files = (
			);
			runOnlyForDeploymentPostprocessing = 0;
		};
		001EE8FF2B08EFFD0074C827 /* Frameworks */ = {
			isa = PBXFrameworksBuildPhase;
			buildActionMask = 2147483647;
			files = (
			);
			runOnlyForDeploymentPostprocessing = 0;
		};
/* End PBXFrameworksBuildPhase section */

/* Begin PBXGroup section */
		001EE8DF2B08EFFB0074C827 = {
			isa = PBXGroup;
			children = (
				001EE8EA2B08EFFB0074C827 /* swuCanteenBooking */,
				001EE8FB2B08EFFD0074C827 /* swuCanteenBookingTests */,
				001EE9052B08EFFD0074C827 /* swuCanteenBookingUITests */,
				001EE8E92B08EFFB0074C827 /* Products */,
			);
			sourceTree = "<group>";
		};
		001EE8E92B08EFFB0074C827 /* Products */ = {
			isa = PBXGroup;
			children = (
				001EE8E82B08EFFB0074C827 /* swuCanteenBooking.app */,
				001EE8F82B08EFFD0074C827 /* swuCanteenBookingTests.xctest */,
				001EE9022B08EFFD0074C827 /* swuCanteenBookingUITests.xctest */,
			);
			name = Products;
			sourceTree = "<group>";
		};
		001EE8EA2B08EFFB0074C827 /* swuCanteenBooking */ = {
			isa = PBXGroup;
			children = (
				001EE8EB2B08EFFB0074C827 /* swuCanteenBookingApp.swift */,
				001EE8ED2B08EFFB0074C827 /* ContentView.swift */,
				001EE8EF2B08EFFD0074C827 /* Assets.xcassets */,
				001EE8F12B08EFFD0074C827 /* Preview Content */,
			);
			path = swuCanteenBooking;
			sourceTree = "<group>";
		};
		001EE8F12B08EFFD0074C827 /* Preview Content */ = {
			isa = PBXGroup;
			children = (
				001EE8F22B08EFFD0074C827 /* Preview Assets.xcassets */,
			);
			path = "Preview Content";
			sourceTree = "<group>";
		};
		001EE8FB2B08EFFD0074C827 /* swuCanteenBookingTests */ = {
			isa = PBXGroup;
			children = (
				001EE8FC2B08EFFD0074C827 /* swuCanteenBookingTests.swift */,
			);
			path = swuCanteenBookingTests;
			sourceTree = "<group>";
		};
		001EE9052B08EFFD0074C827 /* swuCanteenBookingUITests */ = {
			isa = PBXGroup;
			children = (
				001EE9062B08EFFD0074C827 /* swuCanteenBookingUITests.swift */,
				001EE9082B08EFFD0074C827 /* swuCanteenBookingUITestsLaunchTests.swift */,
			);
			path = swuCanteenBookingUITests;
			sourceTree = "<group>";
		};
/* End PBXGroup section */

/* Begin PBXNativeTarget section */
		001EE8E72B08EFFB0074C827 /* swuCanteenBooking */ = {
			isa = PBXNativeTarget;
			buildConfigurationList = 001EE90C2B08EFFD0074C827 /* Build configuration list for PBXNativeTarget "swuCanteenBooking" */;
			buildPhases = (
				001EE8E42B08EFFB0074C827 /* Sources */,
				001EE8E52B08EFFB0074C827 /* Frameworks */,
				001EE8E62B08EFFB0074C827 /* Resources */,
			);
			buildRules = (
			);
			dependencies = (
			);
			name = swuCanteenBooking;
			productName = swuCanteenBooking;
			productReference = 001EE8E82B08EFFB0074C827 /* swuCanteenBooking.app */;
			productType = "com.apple.product-type.application";
		};
		001EE8F72B08EFFD0074C827 /* swuCanteenBookingTests */ = {
			isa = PBXNativeTarget;
			buildConfigurationList = 001EE90F2B08EFFD0074C827 /* Build configuration list for PBXNativeTarget "swuCanteenBookingTests" */;
			buildPhases = (
				001EE8F42B08EFFD0074C827 /* Sources */,
				001EE8F52B08EFFD0074C827 /* Frameworks */,
				001EE8F62B08EFFD0074C827 /* Resources */,
			);
			buildRules = (
			);
			dependencies = (
				001EE8FA2B08EFFD0074C827 /* PBXTargetDependency */,
			);
			name = swuCanteenBookingTests;
			productName = swuCanteenBookingTests;
			productReference = 001EE8F82B08EFFD0074C827 /* swuCanteenBookingTests.xctest */;
			productType = "com.apple.product-type.bundle.unit-test";
		};
		001EE9012B08EFFD0074C827 /* swuCanteenBookingUITests */ = {
			isa = PBXNativeTarget;
			buildConfigurationList = 001EE9122B08EFFD0074C827 /* Build configuration list for PBXNativeTarget "swuCanteenBookingUITests" */;
			buildPhases = (
				001EE8FE2B08EFFD0074C827 /* Sources */,
				001EE8FF2B08EFFD0074C827 /* Frameworks */,
				001EE9002B08EFFD0074C827 /* Resources */,
			);
			buildRules = (
			);
			dependencies = (
				001EE9042B08EFFD0074C827 /* PBXTargetDependency */,
			);
			name = swuCanteenBookingUITests;
			productName = swuCanteenBookingUITests;
			productReference = 001EE9022B08EFFD0074C827 /* swuCanteenBookingUITests.xctest */;
			productType = "com.apple.product-type.bundle.ui-testing";
		};
/* End PBXNativeTarget section */

/* Begin PBXProject section */
		001EE8E02B08EFFB0074C827 /* Project object */ = {
			isa = PBXProject;
			attributes = {
				BuildIndependentTargetsInParallel = 1;
				LastSwiftUpdateCheck = 1500;
				LastUpgradeCheck = 1500;
				TargetAttributes = {
					001EE8E72B08EFFB0074C827 = {
						CreatedOnToolsVersion = 15.0.1;
					};
					001EE8F72B08EFFD0074C827 = {
						CreatedOnToolsVersion = 15.0.1;
						TestTargetID = 001EE8E72B08EFFB0074C827;
					};
					001EE9012B08EFFD0074C827 = {
						CreatedOnToolsVersion = 15.0.1;
						TestTargetID = 001EE8E72B08EFFB0074C827;
					};
				};
			};
			buildConfigurationList = 001EE8E32B08EFFB0074C827 /* Build configuration list for PBXProject "swuCanteenBooking" */;
			compatibilityVersion = "Xcode 14.0";
			developmentRegion = en;
			hasScannedForEncodings = 0;
			knownRegions = (
				en,
				Base,
			);
			mainGroup = 001EE8DF2B08EFFB0074C827;
			productRefGroup = 001EE8E92B08EFFB0074C827 /* Products */;
			projectDirPath = "";
			projectRoot = "";
			targets = (
				001EE8E72B08EFFB0074C827 /* swuCanteenBooking */,
				001EE8F72B08EFFD0074C827 /* swuCanteenBookingTests */,
				001EE9012B08EFFD0074C827 /* swuCanteenBookingUITests */,
			);
		};
/* End PBXProject section */

/* Begin PBXResourcesBuildPhase section */
		001EE8E62B08EFFB0074C827 /* Resources */ = {
			isa = PBXResourcesBuildPhase;
			buildActionMask = 2147483647;
			files = (
				001EE8F32B08EFFD0074C827 /* Preview Assets.xcassets in Resources */,
				001EE8F02B08EFFD0074C827 /* Assets.xcassets in Resources */,
			);
			runOnlyForDeploymentPostprocessing = 0;
		};
		001EE8F62B08EFFD0074C827 /* Resources */ = {
			isa = PBXResourcesBuildPhase;
			buildActionMask = 2147483647;
			files = (
			);
			runOnlyForDeploymentPostprocessing = 0;
		};
		001EE9002B08EFFD0074C827 /* Resources */ = {
			isa = PBXResourcesBuildPhase;
			buildActionMask = 2147483647;
			files = (
			);
			runOnlyForDeploymentPostprocessing = 0;
		};
/* End PBXResourcesBuildPhase section */

/* Begin PBXSourcesBuildPhase section */
		001EE8E42B08EFFB0074C827 /* Sources */ = {
			isa = PBXSourcesBuildPhase;
			buildActionMask = 2147483647;
			files = (
				001EE8EE2B08EFFB0074C827 /* ContentView.swift in Sources */,
				001EE8EC2B08EFFB0074C827 /* swuCanteenBookingApp.swift in Sources */,
			);
			runOnlyForDeploymentPostprocessing = 0;
		};
		001EE8F42B08EFFD0074C827 /* Sources */ = {
			isa = PBXSourcesBuildPhase;
			buildActionMask = 2147483647;
			files = (
				001EE8FD2B08EFFD0074C827 /* swuCanteenBookingTests.swift in Sources */,
			);
			runOnlyForDeploymentPostprocessing = 0;
		};
		001EE8FE2B08EFFD0074C827 /* Sources */ = {
			isa = PBXSourcesBuildPhase;
			buildActionMask = 2147483647;
			files = (
				001EE9072B08EFFD0074C827 /* swuCanteenBookingUITests.swift in Sources */,
				001EE9092B08EFFD0074C827 /* swuCanteenBookingUITestsLaunchTests.swift in Sources */,
			);
			runOnlyForDeploymentPostprocessing = 0;
		};
/* End PBXSourcesBuildPhase section */

/* Begin PBXTargetDependency section */
		001EE8FA2B08EFFD0074C827 /* PBXTargetDependency */ = {
			isa = PBXTargetDependency;
			target = 001EE8E72B08EFFB0074C827 /* swuCanteenBooking */;
			targetProxy = 001EE8F92B08EFFD0074C827 /* PBXContainerItemProxy */;
		};
		001EE9042B08EFFD0074C827 /* PBXTargetDependency */ = {
			isa = PBXTargetDependency;
			target = 001EE8E72B08EFFB0074C827 /* swuCanteenBooking */;
			targetProxy = 001EE9032B08EFFD0074C827 /* PBXContainerItemProxy */;
		};
/* End PBXTargetDependency section */

/* Begin XCBuildConfiguration section */
		001EE90A2B08EFFD0074C827 /* Debug */ = {
			isa = XCBuildConfiguration;
			buildSettings = {
				ALWAYS_SEARCH_USER_PATHS = NO;
				ASSETCATALOG_COMPILER_GENERATE_SWIFT_ASSET_SYMBOL_EXTENSIONS = YES;
				CLANG_ANALYZER_NONNULL = YES;
				CLANG_ANALYZER_NUMBER_OBJECT_CONVERSION = YES_AGGRESSIVE;
				CLANG_CXX_LANGUAGE_STANDARD = "gnu++20";
				CLANG_ENABLE_MODULES = YES;
				CLANG_ENABLE_OBJC_ARC = YES;
				CLANG_ENABLE_OBJC_WEAK = YES;
				CLANG_WARN_BLOCK_CAPTURE_AUTORELEASING = YES;
				CLANG_WARN_BOOL_CONVERSION = YES;
				CLANG_WARN_COMMA = YES;
				CLANG_WARN_CONSTANT_CONVERSION = YES;
				CLANG_WARN_DEPRECATED_OBJC_IMPLEMENTATIONS = YES;
				CLANG_WARN_DIRECT_OBJC_ISA_USAGE = YES_ERROR;
				CLANG_WARN_DOCUMENTATION_COMMENTS = YES;
				CLANG_WARN_EMPTY_BODY = YES;
				CLANG_WARN_ENUM_CONVERSION = YES;
				CLANG_WARN_INFINITE_RECURSION = YES;
				CLANG_WARN_INT_CONVERSION = YES;
				CLANG_WARN_NON_LITERAL_NULL_CONVERSION = YES;
				CLANG_WARN_OBJC_IMPLICIT_RETAIN_SELF = YES;
				CLANG_WARN_OBJC_LITERAL_CONVERSION = YES;
				CLANG_WARN_OBJC_ROOT_CLASS = YES_ERROR;
				CLANG_WARN_QUOTED_INCLUDE_IN_FRAMEWORK_HEADER = YES;
				CLANG_WARN_RANGE_LOOP_ANALYSIS = YES;
				CLANG_WARN_STRICT_PROTOTYPES = YES;
				CLANG_WARN_SUSPICIOUS_MOVE = YES;
				CLANG_WARN_UNGUARDED_AVAILABILITY = YES_AGGRESSIVE;
				CLANG_WARN_UNREACHABLE_CODE = YES;
				CLANG_WARN__DUPLICATE_METHOD_MATCH = YES;
				COPY_PHASE_STRIP = NO;
				DEBUG_INFORMATION_FORMAT = dwarf;
				ENABLE_STRICT_OBJC_MSGSEND = YES;
				ENABLE_TESTABILITY = YES;
				ENABLE_USER_SCRIPT_SANDBOXING = YES;
				GCC_C_LANGUAGE_STANDARD = gnu17;
				GCC_DYNAMIC_NO_PIC = NO;
				GCC_NO_COMMON_BLOCKS = YES;
				GCC_OPTIMIZATION_LEVEL = 0;
				GCC_PREPROCESSOR_DEFINITIONS = (
					"DEBUG=1",
					"$(inherited)",
				);
				GCC_WARN_64_TO_32_BIT_CONVERSION = YES;
				GCC_WARN_ABOUT_RETURN_TYPE = YES_ERROR;
				GCC_WARN_UNDECLARED_SELECTOR = YES;
				GCC_WARN_UNINITIALIZED_AUTOS = YES_AGGRESSIVE;
				GCC_WARN_UNUSED_FUNCTION = YES;
				GCC_WARN_UNUSED_VARIABLE = YES;
				IPHONEOS_DEPLOYMENT_TARGET = 17.0;
				LOCALIZATION_PREFERS_STRING_CATALOGS = YES;
				MTL_ENABLE_DEBUG_INFO = INCLUDE_SOURCE;
				MTL_FAST_MATH = YES;
				ONLY_ACTIVE_ARCH = YES;
				SDKROOT = iphoneos;
				SWIFT_ACTIVE_COMPILATION_CONDITIONS = "DEBUG $(inherited)";
				SWIFT_OPTIMIZATION_LEVEL = "-Onone";
			};
			name = Debug;
		};
		001EE90B2B08EFFD0074C827 /* Release */ = {
			isa = XCBuildConfiguration;
			buildSettings = {
				ALWAYS_SEARCH_USER_PATHS = NO;
				ASSETCATALOG_COMPILER_GENERATE_SWIFT_ASSET_SYMBOL_EXTENSIONS = YES;
				CLANG_ANALYZER_NONNULL = YES;
				CLANG_ANALYZER_NUMBER_OBJECT_CONVERSION = YES_AGGRESSIVE;
				CLANG_CXX_LANGUAGE_STANDARD = "gnu++20";
				CLANG_ENABLE_MODULES = YES;
				CLANG_ENABLE_OBJC_ARC = YES;
				CLANG_ENABLE_OBJC_WEAK = YES;
				CLANG_WARN_BLOCK_CAPTURE_AUTORELEASING = YES;
				CLANG_WARN_BOOL_CONVERSION = YES;
				CLANG_WARN_COMMA = YES;
				CLANG_WARN_CONSTANT_CONVERSION = YES;
				CLANG_WARN_DEPRECATED_OBJC_IMPLEMENTATIONS = YES;
				CLANG_WARN_DIRECT_OBJC_ISA_USAGE = YES_ERROR;
				CLANG_WARN_DOCUMENTATION_COMMENTS = YES;
				CLANG_WARN_EMPTY_BODY = YES;
				CLANG_WARN_ENUM_CONVERSION = YES;
				CLANG_WARN_INFINITE_RECURSION = YES;
				CLANG_WARN_INT_CONVERSION = YES;
				CLANG_WARN_NON_LITERAL_NULL_CONVERSION = YES;
				CLANG_WARN_OBJC_IMPLICIT_RETAIN_SELF = YES;
				CLANG_WARN_OBJC_LITERAL_CONVERSION = YES;
				CLANG_WARN_OBJC_ROOT_CLASS = YES_ERROR;
				CLANG_WARN_QUOTED_INCLUDE_IN_FRAMEWORK_HEADER = YES;
				CLANG_WARN_RANGE_LOOP_ANALYSIS = YES;
				CLANG_WARN_STRICT_PROTOTYPES = YES;
				CLANG_WARN_SUSPICIOUS_MOVE = YES;
				CLANG_WARN_UNGUARDED_AVAILABILITY = YES_AGGRESSIVE;
				CLANG_WARN_UNREACHABLE_CODE = YES;
				CLANG_WARN__DUPLICATE_METHOD_MATCH = YES;
				COPY_PHASE_STRIP = NO;
				DEBUG_INFORMATION_FORMAT = "dwarf-with-dsym";
				ENABLE_NS_ASSERTIONS = NO;
				ENABLE_STRICT_OBJC_MSGSEND = YES;
				ENABLE_USER_SCRIPT_SANDBOXING = YES;
				GCC_C_LANGUAGE_STANDARD = gnu17;
				GCC_NO_COMMON_BLOCKS = YES;
				GCC_WARN_64_TO_32_BIT_CONVERSION = YES;
				GCC_WARN_ABOUT_RETURN_TYPE = YES_ERROR;
				GCC_WARN_UNDECLARED_SELECTOR = YES;
				GCC_WARN_UNINITIALIZED_AUTOS = YES_AGGRESSIVE;
				GCC_WARN_UNUSED_FUNCTION = YES;
				GCC_WARN_UNUSED_VARIABLE = YES;
				IPHONEOS_DEPLOYMENT_TARGET = 17.0;
				LOCALIZATION_PREFERS_STRING_CATALOGS = YES;
				MTL_ENABLE_DEBUG_INFO = NO;
				MTL_FAST_MATH = YES;
				SDKROOT = iphoneos;
				SWIFT_COMPILATION_MODE = wholemodule;
				VALIDATE_PRODUCT = YES;
			};
			name = Release;
		};
		001EE90D2B08EFFD0074C827 /* Debug */ = {
			isa = XCBuildConfiguration;
			buildSettings = {
				ASSETCATALOG_COMPILER_APPICON_NAME = AppIcon;
				ASSETCATALOG_COMPILER_GLOBAL_ACCENT_COLOR_NAME = AccentColor;
				CODE_SIGN_STYLE = Automatic;
				CURRENT_PROJECT_VERSION = 1;
				DEVELOPMENT_ASSET_PATHS = "\"swuCanteenBooking/Preview Content\"";
				ENABLE_PREVIEWS = YES;
				GENERATE_INFOPLIST_FILE = YES;
				INFOPLIST_KEY_UIApplicationSceneManifest_Generation = YES;
				INFOPLIST_KEY_UIApplicationSupportsIndirectInputEvents = YES;
				INFOPLIST_KEY_UILaunchScreen_Generation = YES;
				INFOPLIST_KEY_UISupportedInterfaceOrientations_iPad = "UIInterfaceOrientationPortrait UIInterfaceOrientationPortraitUpsideDown UIInterfaceOrientationLandscapeLeft UIInterfaceOrientationLandscapeRight";
				INFOPLIST_KEY_UISupportedInterfaceOrientations_iPhone = "UIInterfaceOrientationPortrait UIInterfaceOrientationLandscapeLeft UIInterfaceOrientationLandscapeRight";
				LD_RUNPATH_SEARCH_PATHS = (
					"$(inherited)",
					"@executable_path/Frameworks",
				);
				MARKETING_VERSION = 1.0;
				PRODUCT_BUNDLE_IDENTIFIER = com.Phongsathon.swuCanteenBooking;
				PRODUCT_NAME = "$(TARGET_NAME)";
				SWIFT_EMIT_LOC_STRINGS = YES;
				SWIFT_VERSION = 5.0;
				TARGETED_DEVICE_FAMILY = "1,2";
			};
			name = Debug;
		};
		001EE90E2B08EFFD0074C827 /* Release */ = {
			isa = XCBuildConfiguration;
			buildSettings = {
				ASSETCATALOG_COMPILER_APPICON_NAME = AppIcon;
				ASSETCATALOG_COMPILER_GLOBAL_ACCENT_COLOR_NAME = AccentColor;
				CODE_SIGN_STYLE = Automatic;
				CURRENT_PROJECT_VERSION = 1;
				DEVELOPMENT_ASSET_PATHS = "\"swuCanteenBooking/Preview Content\"";
				ENABLE_PREVIEWS = YES;
				GENERATE_INFOPLIST_FILE = YES;
				INFOPLIST_KEY_UIApplicationSceneManifest_Generation = YES;
				INFOPLIST_KEY_UIApplicationSupportsIndirectInputEvents = YES;
				INFOPLIST_KEY_UILaunchScreen_Generation = YES;
				INFOPLIST_KEY_UISupportedInterfaceOrientations_iPad = "UIInterfaceOrientationPortrait UIInterfaceOrientationPortraitUpsideDown UIInterfaceOrientationLandscapeLeft UIInterfaceOrientationLandscapeRight";
				INFOPLIST_KEY_UISupportedInterfaceOrientations_iPhone = "UIInterfaceOrientationPortrait UIInterfaceOrientationLandscapeLeft UIInterfaceOrientationLandscapeRight";
				LD_RUNPATH_SEARCH_PATHS = (
					"$(inherited)",
					"@executable_path/Frameworks",
				);
				MARKETING_VERSION = 1.0;
				PRODUCT_BUNDLE_IDENTIFIER = com.Phongsathon.swuCanteenBooking;
				PRODUCT_NAME = "$(TARGET_NAME)";
				SWIFT_EMIT_LOC_STRINGS = YES;
				SWIFT_VERSION = 5.0;
				TARGETED_DEVICE_FAMILY = "1,2";
			};
			name = Release;
		};
		001EE9102B08EFFD0074C827 /* Debug */ = {
			isa = XCBuildConfiguration;
			buildSettings = {
				ALWAYS_EMBED_SWIFT_STANDARD_LIBRARIES = YES;
				BUNDLE_LOADER = "$(TEST_HOST)";
				CODE_SIGN_STYLE = Automatic;
				CURRENT_PROJECT_VERSION = 1;
				GENERATE_INFOPLIST_FILE = YES;
				IPHONEOS_DEPLOYMENT_TARGET = 17.0;
				MARKETING_VERSION = 1.0;
				PRODUCT_BUNDLE_IDENTIFIER = com.Phongsathon.swuCanteenBookingTests;
				PRODUCT_NAME = "$(TARGET_NAME)";
				SWIFT_EMIT_LOC_STRINGS = NO;
				SWIFT_VERSION = 5.0;
				TARGETED_DEVICE_FAMILY = "1,2";
				TEST_HOST = "$(BUILT_PRODUCTS_DIR)/swuCanteenBooking.app/$(BUNDLE_EXECUTABLE_FOLDER_PATH)/swuCanteenBooking";
			};
			name = Debug;
		};
		001EE9112B08EFFD0074C827 /* Release */ = {
			isa = XCBuildConfiguration;
			buildSettings = {
				ALWAYS_EMBED_SWIFT_STANDARD_LIBRARIES = YES;
				BUNDLE_LOADER = "$(TEST_HOST)";
				CODE_SIGN_STYLE = Automatic;
				CURRENT_PROJECT_VERSION = 1;
				GENERATE_INFOPLIST_FILE = YES;
				IPHONEOS_DEPLOYMENT_TARGET = 17.0;
				MARKETING_VERSION = 1.0;
				PRODUCT_BUNDLE_IDENTIFIER = com.Phongsathon.swuCanteenBookingTests;
				PRODUCT_NAME = "$(TARGET_NAME)";
				SWIFT_EMIT_LOC_STRINGS = NO;
				SWIFT_VERSION = 5.0;
				TARGETED_DEVICE_FAMILY = "1,2";
				TEST_HOST = "$(BUILT_PRODUCTS_DIR)/swuCanteenBooking.app/$(BUNDLE_EXECUTABLE_FOLDER_PATH)/swuCanteenBooking";
			};
			name = Release;
		};
		001EE9132B08EFFD0074C827 /* Debug */ = {
			isa = XCBuildConfiguration;
			buildSettings = {
				ALWAYS_EMBED_SWIFT_STANDARD_LIBRARIES = YES;
				CODE_SIGN_STYLE = Automatic;
				CURRENT_PROJECT_VERSION = 1;
				GENERATE_INFOPLIST_FILE = YES;
				MARKETING_VERSION = 1.0;
				PRODUCT_BUNDLE_IDENTIFIER = com.Phongsathon.swuCanteenBookingUITests;
				PRODUCT_NAME = "$(TARGET_NAME)";
				SWIFT_EMIT_LOC_STRINGS = NO;
				SWIFT_VERSION = 5.0;
				TARGETED_DEVICE_FAMILY = "1,2";
				TEST_TARGET_NAME = swuCanteenBooking;
			};
			name = Debug;
		};
		001EE9142B08EFFD0074C827 /* Release */ = {
			isa = XCBuildConfiguration;
			buildSettings = {
				ALWAYS_EMBED_SWIFT_STANDARD_LIBRARIES = YES;
				CODE_SIGN_STYLE = Automatic;
				CURRENT_PROJECT_VERSION = 1;
				GENERATE_INFOPLIST_FILE = YES;
				MARKETING_VERSION = 1.0;
				PRODUCT_BUNDLE_IDENTIFIER = com.Phongsathon.swuCanteenBookingUITests;
				PRODUCT_NAME = "$(TARGET_NAME)";
				SWIFT_EMIT_LOC_STRINGS = NO;
				SWIFT_VERSION = 5.0;
				TARGETED_DEVICE_FAMILY = "1,2";
				TEST_TARGET_NAME = swuCanteenBooking;
			};
			name = Release;
		};
/* End XCBuildConfiguration section */

/* Begin XCConfigurationList section */
		001EE8E32B08EFFB0074C827 /* Build configuration list for PBXProject "swuCanteenBooking" */ = {
			isa = XCConfigurationList;
			buildConfigurations = (
				001EE90A2B08EFFD0074C827 /* Debug */,
				001EE90B2B08EFFD0074C827 /* Release */,
			);
			defaultConfigurationIsVisible = 0;
			defaultConfigurationName = Release;
		};
		001EE90C2B08EFFD0074C827 /* Build configuration list for PBXNativeTarget "swuCanteenBooking" */ = {
			isa = XCConfigurationList;
			buildConfigurations = (
				001EE90D2B08EFFD0074C827 /* Debug */,
				001EE90E2B08EFFD0074C827 /* Release */,
			);
			defaultConfigurationIsVisible = 0;
			defaultConfigurationName = Release;
		};
		001EE90F2B08EFFD0074C827 /* Build configuration list for PBXNativeTarget "swuCanteenBookingTests" */ = {
			isa = XCConfigurationList;
			buildConfigurations = (
				001EE9102B08EFFD0074C827 /* Debug */,
				001EE9112B08EFFD0074C827 /* Release */,
			);
			defaultConfigurationIsVisible = 0;
			defaultConfigurationName = Release;
		};
		001EE9122B08EFFD0074C827 /* Build configuration list for PBXNativeTarget "swuCanteenBookingUITests" */ = {
			isa = XCConfigurationList;
			buildConfigurations = (
				001EE9132B08EFFD0074C827 /* Debug */,
				001EE9142B08EFFD0074C827 /* Release */,
			);
			defaultConfigurationIsVisible = 0;
			defaultConfigurationName = Release;
		};
/* End XCConfigurationList section */
	};
	rootObject = 001EE8E02B08EFFB0074C827 /* Project object */;
}
